lockfileVersion: '9.0'

settings:
  autoInstallPeers: true
  excludeLinksFromLockfile: false

importers:

  .:
    dependencies:
      '@girs/gjs':
        specifier: ^4.0.0-beta.25
        version: 4.0.0-beta.38
      '@girs/gnome-shell':
        specifier: ^48.0.1
        version: 48.0.4
    devDependencies:
      sass:
        specifier: ^1.83.4
        version: 1.93.3
      typescript:
        specifier: ^5.7.3
        version: 5.9.3

packages:

  '@girs/accountsservice-1.0@1.0.0-4.0.0-beta.34':
    resolution: {integrity: sha512-OQYY7APyOZrAgZIBl5UuMkm9/nYTceJLFL3le71eA7TudEDin3gENdHXm6pozuiwknBV8R2VS3kfs5iygCEx2w==}

  '@girs/adw-1@1.8.0-4.0.0-beta.37':
    resolution: {integrity: sha512-QXnbGlQ0yi+w9ItPL0sMOws3fZEoiVhib1pnSn8ZTeKA32/JTylu8em6rEaMBaV1X/9vUV0NmPW5jKFCxidxQQ==}

  '@girs/atk-1.0@2.56.3-4.0.0-beta.36':
    resolution: {integrity: sha512-hrcMLdj4tZkEc6aTUQk0/UiSe990lYV4+6q0RT5inkTs9PBnXOXw/tmxwinOYI1In0LV9eH4UgEV98821pnHVQ==}

  '@girs/atk-1.0@2.58.0-4.0.0-beta.38':
    resolution: {integrity: sha512-rfLlLlAecHE1uAqK81DHZT27E1nVwN/pAHtgbgDUcu70UdHoCYAsQymLjk/tuDcTX0Lwp6U9x6w+GHG1sbYlQA==}

  '@girs/cairo-1.0@1.0.0-4.0.0-beta.36':
    resolution: {integrity: sha512-O2IeEZoTzPuSLPvA9XLy61yOw93dglms4NdK15F50xlkLxHWJ1Az38MY/iZvnm067aCU6FbETElgj678bEYKqw==}

  '@girs/cairo-1.0@1.0.0-4.0.0-beta.37':
    resolution: {integrity: sha512-uQqDNDoDVALwSIRoW4I6Y9GXsQ9vkQLxB5kr2vQIskIW9fw6VExLpjPuyoVfRO8UqD3bU0d67uLWy6hCcnA0EQ==}

  '@girs/cairo-1.0@1.0.0-4.0.0-beta.38':
    resolution: {integrity: sha512-VJa0vw9teZjCydDzWIcbNBwT37MSej52rqwBuQ/ir7+72+7dpzeudkNOOif1nDIulGu+RLAy4cgWbguQhsUH/Q==}

  '@girs/clutter-16@16.0.0-4.0.0-beta.38':
    resolution: {integrity: sha512-Er/S7PNmmYXAvZGHukxX0fSQtxmK/rwnuKyvq06QrUkXgYIilSjyl5Hj13YRs4SCOgrZosHCFZ4QRy4c8tVCsg==}

  '@girs/cogl-16@16.0.0-4.0.0-beta.38':
    resolution: {integrity: sha512-PDzFEG+H07tsjpPagPqWtV69tdBVLRHJieeqSgIUvL9elQjbiyczdHZzcP5rqe/rEhtCTQmpSGLdOljSfV6T5Q==}

  '@girs/cogl-2.0@2.0.0-4.0.0-beta.38':
    resolution: {integrity: sha512-CgCDd2htvMjLXkUaDrfpFhpw7XVBs9eEQpNVXhU6A8NXxN/FetLt7y9sPiwSWtlL3WYxLqO3Zn0hKR5j7CRAVA==}

  '@girs/freetype2-2.0@2.0.0-4.0.0-beta.36':
    resolution: {integrity: sha512-8GadOmOl7tD5F9CAvG8G6CAfqc4mVj9rH+AG6KAtZyYSqCNHaEvdRQTA+dKs/2/CCvPP0E7JSPMJx24fISfoqQ==}

  '@girs/freetype2-2.0@2.0.0-4.0.0-beta.37':
    resolution: {integrity: sha512-mIuT7sTqcEt3hKkqG5pVEYd8LbbFdUgUuPVZbO5LGdNZjGnWaxwffZUPA0F5Ynw3wTZY3YZn1Z3WccE+aMmOPA==}

  '@girs/freetype2-2.0@2.0.0-4.0.0-beta.38':
    resolution: {integrity: sha512-543dlQheKHSVWIatqHNBiLceIWYzIJDXvofR3PfgarKMMi0IRkn1TndzxUxsLC4Eu24KgOKGZYjU1YPUMVGbgg==}

  '@girs/gck-2@4.4.0-4.0.0-beta.38':
    resolution: {integrity: sha512-yy8TDv4G4SsM1U7sfKf07A01YxD5DpUN4eHEQodj6NzgXogdaeS/vmM7clChedlw0LkOebn68JVIfTja3rJLJw==}

  '@girs/gcr-4@4.4.0-4.0.0-beta.38':
    resolution: {integrity: sha512-dGEWwPhGWRBNgoI/TzX0whcGsKEbx9VXAcOWJdyHiB7HUefeECWxGHlcWK8NZD6mr0jhln+RjFiv/tB1QKUUDw==}

  '@girs/gdesktopenums-3.0@3.0.0-4.0.0-beta.38':
    resolution: {integrity: sha512-wOwzQ6Q2RQxuWY/oe4yiDqtNV2TrLosteu698asWum4R3BLRIks3oVOghpTMlgKeA54fkvqOQ165E1OOAoW8YQ==}

  '@girs/gdk-4.0@4.0.0-4.0.0-beta.36':
    resolution: {integrity: sha512-oCn+Gu1PVnMym5XTpZgLvtyOK5h9jB4brqawkwK1pXO4yGJqg/BlLmHB3JJlLmivZ3Le0wY5RsY+0oEJQ6o+QA==}

  '@girs/gdk-4.0@4.0.0-4.0.0-beta.37':
    resolution: {integrity: sha512-FhIfLL4WlgcGbML1SH3LgZDM3zdgIECsxgXa5dUP9PJtFsfgOyEiZUcrpm3kUhWOxAP2QLfchEqxtATI3sH4ow==}

  '@girs/gdk-4.0@4.0.0-4.0.0-beta.38':
    resolution: {integrity: sha512-hk6SG4pCcezKp2VNxJc0TC1gkZe3C8shD8sRQ3bUGyWl/9581WM2/8UU+W6fOf3SwXA1hquN6d3SjKbqkFNRKg==}

  '@girs/gdkpixbuf-2.0@2.0.0-4.0.0-beta.36':
    resolution: {integrity: sha512-9SjX+qNZwdAGXSHDvFCgZkdGO6KJ7l6qBXE2OUb2jBfOkZ2lqCYrtU2krS9SKSf0fES1sLqMU3M7tPq9mtxAEw==}

  '@girs/gdkpixbuf-2.0@2.0.0-4.0.0-beta.37':
    resolution: {integrity: sha512-TX+m4+3twz/Ws1MkwpOcqi5lNpjU7tTq+gTuXCHSrZacfXJxxS3X+yMQgMGbPqEv4aIdj/t+Fjz9zExLa9oRiA==}

  '@girs/gdkpixbuf-2.0@2.0.0-4.0.0-beta.38':
    resolution: {integrity: sha512-L8NE18rhj100lRGMnf7lNUdr6pHw2co1UtExxDnglba5lNee4NoyF/u8g4Mk3toPU0fAu+ug91HJ4o2mIJd7MQ==}

  '@girs/gdm-1.0@1.0.0-4.0.0-beta.38':
    resolution: {integrity: sha512-THhxqOlt75mv3PmmLMe0Y5wdXIf0XbIIKuBuScSFO+3Vp5sgHJz+UXfktVzwKKCTN4PkAU01zBlMW6gRsyLsQA==}

  '@girs/gio-2.0@2.84.4-4.0.0-beta.36':
    resolution: {integrity: sha512-/3pbUqTEgZjLa/QNAqyxTc9Nil0dP0cAHRgbHxUSUNOdnBKgOQhGm3QK6Nmg4SOYMDD0dtTbiAIuIDkT5mgixw==}

  '@girs/gio-2.0@2.86.0-4.0.0-beta.37':
    resolution: {integrity: sha512-rot40meT8+BuvcVDOQP02GZzWBH4pe4jO935g687jZ4mc0xkOFxDoxiSrif/+rb8VplDswKcu9AVQ1H59Z1Tiw==}

  '@girs/gio-2.0@2.86.0-4.0.0-beta.38':
    resolution: {integrity: sha512-hKCyDEqSIgqcZeFf63KNrUnrYtAuJ0yfIypbdLgNEMbJBPQ/e3ZiwzWa7i3OPCh52Cnl9qYRdj8MSbZndpyZiQ==}

  '@girs/gjs@4.0.0-beta.36':
    resolution: {integrity: sha512-+atqUVQ0CdaMnggdw4D/+77VMXr64eI32mBoc1hLuN/GrSGxl3aAJJQ1NUQyP4fFPgxx0nCWQ2XVI6B9Poe0QQ==}

  '@girs/gjs@4.0.0-beta.37':
    resolution: {integrity: sha512-Aj/QB0Eab8vkiP3doISBLAP6+GZhqBkc2EcjYymUxr/3VZpmpOTdFs4DFURUHKg4kkbwRfJSUrXEuTLSGcMfww==}

  '@girs/gjs@4.0.0-beta.38':
    resolution: {integrity: sha512-eI/9lfI1mQpXN8RsKiNRFWJso6LgQe9Eb+YxLAdKarD5fccvIRx3chsyIyhw5tYH7VvgaZkqm1c4GX7pDDokBQ==}

  '@girs/gl-1.0@1.0.0-4.0.0-beta.38':
    resolution: {integrity: sha512-ZcqPtWLEoaQraYgfhpk8tUAOCVp4aSOBdr+7XB/HhmTiG80hLktc11n1ETPFlTfeUhsnvBLhejZBax9diWLVcg==}

  '@girs/glib-2.0@2.84.4-4.0.0-beta.36':
    resolution: {integrity: sha512-LtKPerRw0UoXTFcRjhzXwjytPHqndPisFytEoC4vS5vuEirUIbYT7zTUSwp9VjUASmtQy0sUgqwzyPH/IYMINQ==}

  '@girs/glib-2.0@2.86.0-4.0.0-beta.37':
    resolution: {integrity: sha512-Ljjr//wuJHjSE6UbuoYZ63I5u/qM1Am+fADzfJB2wUtelsfCjQVy7Gsucaef0oLW5nu9+kylLS+6LsQULx2ouw==}

  '@girs/glib-2.0@2.86.0-4.0.0-beta.38':
    resolution: {integrity: sha512-TFbrh5+Y3pb61synbhi37VrRzh0e+JQaRCzfGbe7oewUq0v7Sb8eSi2Fmj98r5tCizaRYptqgt6bxG7G5cFzVg==}

  '@girs/gmodule-2.0@2.0.0-4.0.0-beta.36':
    resolution: {integrity: sha512-1vMjq1WuUG1dh73pB9zm60yfNI+xFZ5trFaC9yMV8Adla6XmCMx+XzPFmFUdBGHrZUpjFNbwl6J4g3U046SRCg==}

  '@girs/gmodule-2.0@2.0.0-4.0.0-beta.37':
    resolution: {integrity: sha512-0SPLcXOwHauSWBoNZ/CtcmGd5Yn9NZYVgznMTGMnesWdUqD3BH5Ykdf9DTAEujxirJuLlxsPAH5lpR9zWRp8PA==}

  '@girs/gmodule-2.0@2.0.0-4.0.0-beta.38':
    resolution: {integrity: sha512-BmspJtwdBSfCJRZQMxn3gx6H9FNcoqCebFXK2UKknq18DIo8U2q4iN/jQBWPoLh2siK9LhCdL2egoyXteTy1NA==}

  '@girs/gnome-shell@48.0.4':
    resolution: {integrity: sha512-pzwAb+EGppirrLjeg/1I3lGoKse39W4v1x2l+R2ZmdkPPJ2O0JjL+Enwgo/swkVMFCCWzvImUKcLtepEQbUyCA==}

  '@girs/gnomebg-4.0@4.0.0-4.0.0-beta.38':
    resolution: {integrity: sha512-cTJIgX9ybCUIXJ0yDaBRICIAHoApqcjDdtSgbbYJQdRs7HCGPocblA9UP7Bmp155U/p4UIR2WMqpS+ttVbWBew==}

  '@girs/gnomebluetooth-3.0@3.0.0-4.0.0-beta.38':
    resolution: {integrity: sha512-39h4y38Rw2BvMWj190zJhDoT5Ehnh4XsX5vqt1Ix88oFOtZ7hdxVQWJ4Vxg0nYMwKN3SIqGA1KeaGcwfeOYVXQ==}

  '@girs/gnomedesktop-4.0@4.0.0-4.0.0-beta.38':
    resolution: {integrity: sha512-dVeHh4R3HlWQ1Up9N1V09cMiOXst073WQFJ3pJfmJ45RkbJLLlNZrLjO5+e1GUyF9Bq1NzDgTBOUR4xCIIW6dw==}

  '@girs/gobject-2.0@2.84.4-4.0.0-beta.36':
    resolution: {integrity: sha512-FBnt0tOs+y7QhUxST7Yg8RjVQ+PHXy1AmUZ6b3ZAtGwhSwRe/52JixsmfUsy0LIZSNaBLeMIQlISLOWKvcrHvw==}

  '@girs/gobject-2.0@2.86.0-4.0.0-beta.37':
    resolution: {integrity: sha512-UI35nVCQgjNvE+3Q+NeISsOOvynytagitURj2+hUGoCCp/BRMxqm6tUtX2hdhCeWUtd971/gLm78YjucAxRmWQ==}

  '@girs/gobject-2.0@2.86.0-4.0.0-beta.38':
    resolution: {integrity: sha512-oYrm6Gb/tCQosMkN8Beu5jqGRkJ7LED4O1H1dKYOI4SnP1Ojb66A9ECy78yTO8piBtMopsbRODV81yKniVtKKA==}

  '@girs/graphene-1.0@1.0.0-4.0.0-beta.36':
    resolution: {integrity: sha512-QohmEYdsS434/e7RGDizef1gvvwzxFPrz5W06njWi44GS0I1cNqls8o/4H5D4MyzqA4xwHK2zaJZGcwvJ4yHhw==}

  '@girs/graphene-1.0@1.0.0-4.0.0-beta.37':
    resolution: {integrity: sha512-HVUsWooW82gaK6icqa7r4TtEtbyKTiCk99tjBaTDdFgizVljuaTY1QmTjtzHyxCx7vqGh2YtloIGtrZMkvjtCw==}

  '@girs/graphene-1.0@1.0.0-4.0.0-beta.38':
    resolution: {integrity: sha512-zqCyLXFqsOJtCnwUR6lI6HBVdaJ6aKsA25y+6xK2dFO/NChOjH0hmBuVyTQiyLe+4jGW700o+uYIYlrpEXT/7Q==}

  '@girs/gsk-4.0@4.0.0-4.0.0-beta.36':
    resolution: {integrity: sha512-xgQYqfkWW7TN7zh6uXYcMJGdJTMJYWtAVwzgAPx6eCS6miGl7c+bnaOVp9KyxFJRASveb4yS8sZM0XVYqlz6DA==}

  '@girs/gsk-4.0@4.0.0-4.0.0-beta.37':
    resolution: {integrity: sha512-fzyM63F/eHSvVk2lmFM/EF4v49lquBbITum5gmGtoDPg0JAoS1OjW4tlRjzn77seDaaJAs8NpdlraVrndXHw4g==}

  '@girs/gsk-4.0@4.0.0-4.0.0-beta.38':
    resolution: {integrity: sha512-BfYpVfmKjD7Tq58W5p9fcU6Mvg3QcNRjJ1oQn05d/Xk1rjQmsk6tkcTkK3i/KIOhA9eVadQsMlFFWuN0KBE5Dw==}

  '@girs/gtk-4.0@4.19.1-4.0.0-beta.36':
    resolution: {integrity: sha512-9mPC8u7JZh3SzI0VMIVtS+v/j0n8tNIdcwCvbAeugXgNWzFA1//B7X8ypsFodAeRZe6gL1mXePUeH9S05yphAQ==}

  '@girs/gtk-4.0@4.20.1-4.0.0-beta.37':
    resolution: {integrity: sha512-cHsgT4o03ISGqL2PAEWLHb5AO4C7gQR/9whnwXhZ7KxfEXhJWNt6TkxSg0iopNT8OuXlxkQghilxRtp6ue/6xQ==}

  '@girs/gtk-4.0@4.20.1-4.0.0-beta.38':
    resolution: {integrity: sha512-lNujJDta1YK3/9Inp5HrtF/JOMN5EmD+3U7diRTyWNzc2KdaN2jO2mk90taaGK28xhoCC+VESkFkQAgFTwZXWw==}

  '@girs/gvc-1.0@1.0.0-4.0.0-beta.38':
    resolution: {integrity: sha512-AUJ+6Aj7y9Q/3RYTCQJBtr1sckUodwJaE3ue1Ap7bCOy/ybiZdCGlucJqSfpT8B3VV5SUztqlxEcOhyGgpvtNQ==}

  '@girs/harfbuzz-0.0@10.4.0-4.0.0-beta.36':
    resolution: {integrity: sha512-7hk87X5OXsl7i2vJeczhjizlvkf5I9Prj2m9q6m7fwOqriSt1oPl7gOP1LnYrRUUeDJaeibVcUwerAWDHb8Tuw==}

  '@girs/harfbuzz-0.0@11.5.0-4.0.0-beta.37':
    resolution: {integrity: sha512-nIToHOiiUjjYURRgobcPpjcUB4cPCxz5af5zf1ebWiw6hlpZY3P3NIzA4XXZspgmy375jsiWLel57ocsB+qq/Q==}

  '@girs/harfbuzz-0.0@11.5.0-4.0.0-beta.38':
    resolution: {integrity: sha512-XRf/neZYpEkinNZ8SCRKIao3RNVJzMeYcjuO1b1tbqVCrN7uVZ+MIaDW5NjWKi0K6IQSyZWdDgkzrtOrIN4CWQ==}

  '@girs/meta-16@16.0.0-4.0.0-beta.38':
    resolution: {integrity: sha512-LpXNtzaKxRFrsGzY2wtYv8JavzpK6S88BBlP9frO1NvZO1lohplpEcf0k8sH77JrrI0ViMfXe7+Gi53tG7OBtw==}

  '@girs/mtk-16@16.0.0-4.0.0-beta.38':
    resolution: {integrity: sha512-rOcPBlnBvwSTA1FpTIFdp4ntEGYxRhQQSSIMfgQxEYHTzu/VnxEyD6sU1tuVUGAm4MxPAgp1SSTvP4VH1E8O7w==}

  '@girs/nm-1.0@1.49.4-4.0.0-beta.38':
    resolution: {integrity: sha512-m0+qaufIW4LLrz7yx2qLCryF1Oq6MTzvLXb28KGv1iA99WVr+74ytGgUbvxCAh3fbPErSb1UCpemLr/7SmwT4g==}

  '@girs/pango-1.0@1.56.4-4.0.0-beta.36':
    resolution: {integrity: sha512-mE807ErigekJpMn9q5ax49meVH4r+YR9RdU/vGOv6bFOfPYTLEuwWIVT+KhKGwQwzztMvuzgOQ7hGNGcnSGw4g==}

  '@girs/pango-1.0@1.57.0-4.0.0-beta.37':
    resolution: {integrity: sha512-yYd1/Sj/E2ZvuU5rDu9QP9cA/21s/npZLVQBaBLtSJ+YHzSJkF4RxXTv7ff+tirWTpHc9SiaULxXOFROOJlGog==}

  '@girs/pango-1.0@1.57.0-4.0.0-beta.38':
    resolution: {integrity: sha512-fnTzVVhKb4XjGrnuqk9X++KDe2bk84Hg5472O2UrtIT1A6dzMS6gWhSvaw0ULZH/Ypj9WN12B0oceWynR6unLw==}

  '@girs/pangocairo-1.0@1.0.0-4.0.0-beta.36':
    resolution: {integrity: sha512-1aPFLdQb7nGA/ZpXog9phqd6KakNnlU8RFfhKBWf4tx94Yw3ed7RL6jrp1SKDsA8ubxAALfXuvlsQgPP3nfXvg==}

  '@girs/pangocairo-1.0@1.0.0-4.0.0-beta.37':
    resolution: {integrity: sha512-mcnyMEa15euqqo0AMGmFls2JWJgF1JxUxdQ5yrRAPLPn8ChjKesN16YfcXA6PCG7cmeBOb02MkjPEfqmcF0dAA==}

  '@girs/pangocairo-1.0@1.0.0-4.0.0-beta.38':
    resolution: {integrity: sha512-BY4rEgQW0H1c/24v+FGBjSZgZ6rk2Y4+ka9/WldUs74N1ZOh6nS4lHKUyy0antylQ7x0Fnw5UHgN0PbpdjkGuQ==}

  '@girs/polkit-1.0@1.0.0-4.0.0-beta.38':
    resolution: {integrity: sha512-jcz4/vUtchFQyM3OjSzpEAahsZ2/TGttgxcuxDeEGUMXrIjh7YC4w1oq2CLsRbTyVe843ZLNEkmR+dNGsAMfvQ==}

  '@girs/polkitagent-1.0@1.0.0-4.0.0-beta.38':
    resolution: {integrity: sha512-I4v8/4ID0nGm7z6muGr3KxdavMFTEZbCw5vTXfenRx6hptIjed3XspExY4komxO03ImGUQ9e+bsC0g2gSvMesg==}

  '@girs/shell-16@16.0.0-4.0.0-beta.38':
    resolution: {integrity: sha512-KlJwtu6a/IcOLFdLG0EOHnbSJ7DXrygYpx9zsZl0ejqL+mQIY9Z769Us7YpF/DJ/yaBzpcSOZlUq3E83IZEvEg==}

  '@girs/shew-0@0.0.0-4.0.0-beta.38':
    resolution: {integrity: sha512-tNnIRXseBBrVXk2v5t5MkSM23sAcNvnUMrLLEJYyjn2iTmspImvIT/0s8obPkJk2rK+TwP3nlgPjJILkUDWnaw==}

  '@girs/st-16@16.0.0-4.0.0-beta.38':
    resolution: {integrity: sha512-mE5VIDa6zzw1O27RDzniveQo3svm69gQr8RHhh3MjbIhLAsZ35fGwgQUmYist080kgrHf2w0V9KF7nNeXF7pcg==}

  '@girs/upowerglib-1.0@0.99.1-4.0.0-beta.38':
    resolution: {integrity: sha512-tZTnoX4S1HbmgwsZfSWrs3uD+KKPdNX+YkEiu9Zz92dt6dPopV0oHa+10auo06hPjZbwaUMgTlGZ9bofeQCw6Q==}

  '@girs/xfixes-4.0@4.0.0-4.0.0-beta.38':
    resolution: {integrity: sha512-wca07voYv60UdTCCr8gPJ9GARR+GZyLu6grZZs/GftZ0w00VP3NQK2kJedi28EGwK3Row2nQtsCtQHZGrXH/VA==}

  '@girs/xlib-2.0@2.0.0-4.0.0-beta.38':
    resolution: {integrity: sha512-PK3s6NowmlY65E/Y9BqwR1lVKsZSWQJm/za1I47SvL1IVWcEHYWRZdDtYZjfmbUlUqqKkfoMt+bUCmhmQk/eYQ==}

  '@parcel/watcher-android-arm64@2.5.1':
    resolution: {integrity: sha512-KF8+j9nNbUN8vzOFDpRMsaKBHZ/mcjEjMToVMJOhTozkDonQFFrRcfdLWn6yWKCmJKmdVxSgHiYvTCef4/qcBA==}
    engines: {node: '>= 10.0.0'}
    cpu: [arm64]
    os: [android]

  '@parcel/watcher-darwin-arm64@2.5.1':
    resolution: {integrity: sha512-eAzPv5osDmZyBhou8PoF4i6RQXAfeKL9tjb3QzYuccXFMQU0ruIc/POh30ePnaOyD1UXdlKguHBmsTs53tVoPw==}
    engines: {node: '>= 10.0.0'}
    cpu: [arm64]
    os: [darwin]

  '@parcel/watcher-darwin-x64@2.5.1':
    resolution: {integrity: sha512-1ZXDthrnNmwv10A0/3AJNZ9JGlzrF82i3gNQcWOzd7nJ8aj+ILyW1MTxVk35Db0u91oD5Nlk9MBiujMlwmeXZg==}
    engines: {node: '>= 10.0.0'}
    cpu: [x64]
    os: [darwin]

  '@parcel/watcher-freebsd-x64@2.5.1':
    resolution: {integrity: sha512-SI4eljM7Flp9yPuKi8W0ird8TI/JK6CSxju3NojVI6BjHsTyK7zxA9urjVjEKJ5MBYC+bLmMcbAWlZ+rFkLpJQ==}
    engines: {node: '>= 10.0.0'}
    cpu: [x64]
    os: [freebsd]

  '@parcel/watcher-linux-arm-glibc@2.5.1':
    resolution: {integrity: sha512-RCdZlEyTs8geyBkkcnPWvtXLY44BCeZKmGYRtSgtwwnHR4dxfHRG3gR99XdMEdQ7KeiDdasJwwvNSF5jKtDwdA==}
    engines: {node: '>= 10.0.0'}
    cpu: [arm]
    os: [linux]

  '@parcel/watcher-linux-arm-musl@2.5.1':
    resolution: {integrity: sha512-6E+m/Mm1t1yhB8X412stiKFG3XykmgdIOqhjWj+VL8oHkKABfu/gjFj8DvLrYVHSBNC+/u5PeNrujiSQ1zwd1Q==}
    engines: {node: '>= 10.0.0'}
    cpu: [arm]
    os: [linux]

  '@parcel/watcher-linux-arm64-glibc@2.5.1':
    resolution: {integrity: sha512-LrGp+f02yU3BN9A+DGuY3v3bmnFUggAITBGriZHUREfNEzZh/GO06FF5u2kx8x+GBEUYfyTGamol4j3m9ANe8w==}
    engines: {node: '>= 10.0.0'}
    cpu: [arm64]
    os: [linux]

  '@parcel/watcher-linux-arm64-musl@2.5.1':
    resolution: {integrity: sha512-cFOjABi92pMYRXS7AcQv9/M1YuKRw8SZniCDw0ssQb/noPkRzA+HBDkwmyOJYp5wXcsTrhxO0zq1U11cK9jsFg==}
    engines: {node: '>= 10.0.0'}
    cpu: [arm64]
    os: [linux]

  '@parcel/watcher-linux-x64-glibc@2.5.1':
    resolution: {integrity: sha512-GcESn8NZySmfwlTsIur+49yDqSny2IhPeZfXunQi48DMugKeZ7uy1FX83pO0X22sHntJ4Ub+9k34XQCX+oHt2A==}
    engines: {node: '>= 10.0.0'}
    cpu: [x64]
    os: [linux]

  '@parcel/watcher-linux-x64-musl@2.5.1':
    resolution: {integrity: sha512-n0E2EQbatQ3bXhcH2D1XIAANAcTZkQICBPVaxMeaCVBtOpBZpWJuf7LwyWPSBDITb7In8mqQgJ7gH8CILCURXg==}
    engines: {node: '>= 10.0.0'}
    cpu: [x64]
    os: [linux]

  '@parcel/watcher-win32-arm64@2.5.1':
    resolution: {integrity: sha512-RFzklRvmc3PkjKjry3hLF9wD7ppR4AKcWNzH7kXR7GUe0Igb3Nz8fyPwtZCSquGrhU5HhUNDr/mKBqj7tqA2Vw==}
    engines: {node: '>= 10.0.0'}
    cpu: [arm64]
    os: [win32]

  '@parcel/watcher-win32-ia32@2.5.1':
    resolution: {integrity: sha512-c2KkcVN+NJmuA7CGlaGD1qJh1cLfDnQsHjE89E60vUEMlqduHGCdCLJCID5geFVM0dOtA3ZiIO8BoEQmzQVfpQ==}
    engines: {node: '>= 10.0.0'}
    cpu: [ia32]
    os: [win32]

  '@parcel/watcher-win32-x64@2.5.1':
    resolution: {integrity: sha512-9lHBdJITeNR++EvSQVUcaZoWupyHfXe1jZvGZ06O/5MflPcuPLtEphScIBL+AiCWBO46tDSHzWyD0uDmmZqsgA==}
    engines: {node: '>= 10.0.0'}
    cpu: [x64]
    os: [win32]

  '@parcel/watcher@2.5.1':
    resolution: {integrity: sha512-dfUnCxiN9H4ap84DvD2ubjw+3vUNpstxa0TneY/Paat8a3R4uQZDLSvWjmznAY/DoahqTHl9V46HF/Zs3F29pg==}
    engines: {node: '>= 10.0.0'}

  braces@3.0.3:
    resolution: {integrity: sha512-yQbXgO/OSZVD2IsiLlro+7Hf6Q18EJrKSEsdoMzKePKXct3gvD8oLcOQdIzGupr5Fj+EDe8gO/lxc1BzfMpxvA==}
    engines: {node: '>=8'}

  chokidar@4.0.3:
    resolution: {integrity: sha512-Qgzu8kfBvo+cA4962jnP1KkS6Dop5NS6g7R5LFYJr4b8Ub94PPQXUksCw9PvXoeXPRRddRNC5C1JQUR2SMGtnA==}
    engines: {node: '>= 14.16.0'}

  detect-libc@1.0.3:
    resolution: {integrity: sha512-pGjwhsmsp4kL2RTz08wcOlGN83otlqHeD/Z5T8GXZB+/YcpQ/dgo+lbU8ZsGxV0HIvqqxo9l7mqYwyYMD9bKDg==}
    engines: {node: '>=0.10'}
    hasBin: true

  fill-range@7.1.1:
    resolution: {integrity: sha512-YsGpe3WHLK8ZYi4tWDg2Jy3ebRz2rXowDxnld4bkQB00cc/1Zw9AWnC0i9ztDJitivtQvaI9KaLyKrc+hBW0yg==}
    engines: {node: '>=8'}

  immutable@5.1.4:
    resolution: {integrity: sha512-p6u1bG3YSnINT5RQmx/yRZBpenIl30kVxkTLDyHLIMk0gict704Q9n+thfDI7lTRm9vXdDYutVzXhzcThxTnXA==}

  is-extglob@2.1.1:
    resolution: {integrity: sha512-SbKbANkN603Vi4jEZv49LeVJMn4yGwsbzZworEoyEiutsN3nJYdbO36zfhGJ6QEDpOZIFkDtnq5JRxmvl3jsoQ==}
    engines: {node: '>=0.10.0'}

  is-glob@4.0.3:
    resolution: {integrity: sha512-xelSayHH36ZgE7ZWhli7pW34hNbNl8Ojv5KVmkJD4hBdD3th8Tfk9vYasLM+mXWOZhFkgZfxhLSnrwRr4elSSg==}
    engines: {node: '>=0.10.0'}

  is-number@7.0.0:
    resolution: {integrity: sha512-41Cifkg6e8TylSpdtTpeLVMqvSBEVzTttHvERD741+pnZ8ANv0004MRL43QKPDlK9cGvNp6NZWZUBlbGXYxxng==}
    engines: {node: '>=0.12.0'}

  micromatch@4.0.8:
    resolution: {integrity: sha512-PXwfBhYu0hBCPw8Dn0E+WDYb7af3dSLVWKi3HGv84IdF4TyFoC0ysxFd0Goxw7nSv4T/PzEJQxsYsEiFCKo2BA==}
    engines: {node: '>=8.6'}

  node-addon-api@7.1.1:
    resolution: {integrity: sha512-5m3bsyrjFWE1xf7nz7YXdN4udnVtXK6/Yfgn5qnahL6bCkf2yKt4k3nuTKAtT4r3IG8JNR2ncsIMdZuAzJjHQQ==}

  picomatch@2.3.1:
    resolution: {integrity: sha512-JU3teHTNjmE2VCGFzuY8EXzCDVwEqB2a8fsIvwaStHhAWJEeVd1o1QD80CU6+ZdEXXSLbSsuLwJjkCBWqRQUVA==}
    engines: {node: '>=8.6'}

  readdirp@4.1.2:
    resolution: {integrity: sha512-GDhwkLfywWL2s6vEjyhri+eXmfH6j1L7JE27WhqLeYzoh/A3DBaYGEj2H/HFZCn/kMfim73FXxEJTw06WtxQwg==}
    engines: {node: '>= 14.18.0'}

  sass@1.93.3:
    resolution: {integrity: sha512-elOcIZRTM76dvxNAjqYrucTSI0teAF/L2Lv0s6f6b7FOwcwIuA357bIE871580AjHJuSvLIRUosgV+lIWx6Rgg==}
    engines: {node: '>=14.0.0'}
    hasBin: true

  source-map-js@1.2.1:
    resolution: {integrity: sha512-UXWMKhLOwVKb728IUtQPXxfYU+usdybtUrK/8uGE8CQMvrhOpwvzDBwj0QhSL7MQc7vIsISBG8VQ8+IDQxpfQA==}
    engines: {node: '>=0.10.0'}

  to-regex-range@5.0.1:
    resolution: {integrity: sha512-65P7iz6X5yEr1cwcgvQxbbIw7Uk3gOy5dIdtZ4rDveLqhrdJP+Li/Hx6tyK0NEb+2GCyneCMJiGqrADCSNk8sQ==}
    engines: {node: '>=8.0'}

  typescript@5.9.3:
    resolution: {integrity: sha512-jl1vZzPDinLr9eUt3J/t7V6FgNEw9QjvBPdysz9KfQDD41fQrC2Y4vKQdiaUpFT4bXlb1RHhLpp8wtm6M5TgSw==}
    engines: {node: '>=14.17'}
    hasBin: true

snapshots:

  '@girs/accountsservice-1.0@1.0.0-4.0.0-beta.34':
    dependencies:
      '@girs/gio-2.0': 2.84.4-4.0.0-beta.36
      '@girs/gjs': 4.0.0-beta.38
      '@girs/glib-2.0': 2.84.4-4.0.0-beta.36
      '@girs/gmodule-2.0': 2.0.0-4.0.0-beta.38
      '@girs/gobject-2.0': 2.84.4-4.0.0-beta.36

  '@girs/adw-1@1.8.0-4.0.0-beta.37':
    dependencies:
      '@girs/cairo-1.0': 1.0.0-4.0.0-beta.37
      '@girs/freetype2-2.0': 2.0.0-4.0.0-beta.37
      '@girs/gdk-4.0': 4.0.0-4.0.0-beta.37
      '@girs/gdkpixbuf-2.0': 2.0.0-4.0.0-beta.37
      '@girs/gio-2.0': 2.86.0-4.0.0-beta.37
      '@girs/gjs': 4.0.0-beta.37
      '@girs/glib-2.0': 2.86.0-4.0.0-beta.37
      '@girs/gmodule-2.0': 2.0.0-4.0.0-beta.37
      '@girs/gobject-2.0': 2.86.0-4.0.0-beta.37
      '@girs/graphene-1.0': 1.0.0-4.0.0-beta.37
      '@girs/gsk-4.0': 4.0.0-4.0.0-beta.37
      '@girs/gtk-4.0': 4.20.1-4.0.0-beta.37
      '@girs/harfbuzz-0.0': 11.5.0-4.0.0-beta.37
      '@girs/pango-1.0': 1.57.0-4.0.0-beta.37
      '@girs/pangocairo-1.0': 1.0.0-4.0.0-beta.37

  '@girs/atk-1.0@2.56.3-4.0.0-beta.36':
    dependencies:
      '@girs/gjs': 4.0.0-beta.36
      '@girs/glib-2.0': 2.84.4-4.0.0-beta.36
      '@girs/gobject-2.0': 2.84.4-4.0.0-beta.36

  '@girs/atk-1.0@2.58.0-4.0.0-beta.38':
    dependencies:
      '@girs/gjs': 4.0.0-beta.38
      '@girs/glib-2.0': 2.86.0-4.0.0-beta.38
      '@girs/gobject-2.0': 2.86.0-4.0.0-beta.38

  '@girs/cairo-1.0@1.0.0-4.0.0-beta.36':
    dependencies:
      '@girs/gjs': 4.0.0-beta.36
      '@girs/glib-2.0': 2.84.4-4.0.0-beta.36
      '@girs/gobject-2.0': 2.84.4-4.0.0-beta.36

  '@girs/cairo-1.0@1.0.0-4.0.0-beta.37':
    dependencies:
      '@girs/gjs': 4.0.0-beta.37
      '@girs/glib-2.0': 2.86.0-4.0.0-beta.37
      '@girs/gobject-2.0': 2.86.0-4.0.0-beta.37

  '@girs/cairo-1.0@1.0.0-4.0.0-beta.38':
    dependencies:
      '@girs/gjs': 4.0.0-beta.38
      '@girs/glib-2.0': 2.86.0-4.0.0-beta.38
      '@girs/gobject-2.0': 2.86.0-4.0.0-beta.38

  '@girs/clutter-16@16.0.0-4.0.0-beta.38':
    dependencies:
      '@girs/atk-1.0': 2.58.0-4.0.0-beta.38
      '@girs/cairo-1.0': 1.0.0-4.0.0-beta.38
      '@girs/cogl-16': 16.0.0-4.0.0-beta.38
      '@girs/freetype2-2.0': 2.0.0-4.0.0-beta.38
      '@girs/gio-2.0': 2.86.0-4.0.0-beta.38
      '@girs/gjs': 4.0.0-beta.38
      '@girs/gl-1.0': 1.0.0-4.0.0-beta.38
      '@girs/glib-2.0': 2.86.0-4.0.0-beta.38
      '@girs/gmodule-2.0': 2.0.0-4.0.0-beta.38
      '@girs/gobject-2.0': 2.86.0-4.0.0-beta.38
      '@girs/graphene-1.0': 1.0.0-4.0.0-beta.38
      '@girs/harfbuzz-0.0': 11.5.0-4.0.0-beta.38
      '@girs/mtk-16': 16.0.0-4.0.0-beta.38
      '@girs/pango-1.0': 1.57.0-4.0.0-beta.38
      '@girs/xlib-2.0': 2.0.0-4.0.0-beta.38

  '@girs/cogl-16@16.0.0-4.0.0-beta.38':
    dependencies:
      '@girs/gjs': 4.0.0-beta.38
      '@girs/gl-1.0': 1.0.0-4.0.0-beta.38
      '@girs/glib-2.0': 2.86.0-4.0.0-beta.38
      '@girs/gobject-2.0': 2.86.0-4.0.0-beta.38
      '@girs/graphene-1.0': 1.0.0-4.0.0-beta.38
      '@girs/mtk-16': 16.0.0-4.0.0-beta.38
      '@girs/xlib-2.0': 2.0.0-4.0.0-beta.38

  '@girs/cogl-2.0@2.0.0-4.0.0-beta.38':
    dependencies:
      '@girs/gjs': 4.0.0-beta.38
      '@girs/gl-1.0': 1.0.0-4.0.0-beta.38
      '@girs/glib-2.0': 2.86.0-4.0.0-beta.38
      '@girs/gobject-2.0': 2.86.0-4.0.0-beta.38

  '@girs/freetype2-2.0@2.0.0-4.0.0-beta.36':
    dependencies:
      '@girs/gjs': 4.0.0-beta.36
      '@girs/gobject-2.0': 2.84.4-4.0.0-beta.36

  '@girs/freetype2-2.0@2.0.0-4.0.0-beta.37':
    dependencies:
      '@girs/gjs': 4.0.0-beta.37
      '@girs/gobject-2.0': 2.86.0-4.0.0-beta.37

  '@girs/freetype2-2.0@2.0.0-4.0.0-beta.38':
    dependencies:
      '@girs/gjs': 4.0.0-beta.38
      '@girs/gobject-2.0': 2.86.0-4.0.0-beta.38

  '@girs/gck-2@4.4.0-4.0.0-beta.38':
    dependencies:
      '@girs/gio-2.0': 2.86.0-4.0.0-beta.38
      '@girs/gjs': 4.0.0-beta.38
      '@girs/glib-2.0': 2.86.0-4.0.0-beta.38
      '@girs/gmodule-2.0': 2.0.0-4.0.0-beta.38
      '@girs/gobject-2.0': 2.86.0-4.0.0-beta.38

  '@girs/gcr-4@4.4.0-4.0.0-beta.38':
    dependencies:
      '@girs/gck-2': 4.4.0-4.0.0-beta.38
      '@girs/gio-2.0': 2.86.0-4.0.0-beta.38
      '@girs/gjs': 4.0.0-beta.38
      '@girs/glib-2.0': 2.86.0-4.0.0-beta.38
      '@girs/gmodule-2.0': 2.0.0-4.0.0-beta.38
      '@girs/gobject-2.0': 2.86.0-4.0.0-beta.38

  '@girs/gdesktopenums-3.0@3.0.0-4.0.0-beta.38':
    dependencies:
      '@girs/gjs': 4.0.0-beta.38
      '@girs/gobject-2.0': 2.86.0-4.0.0-beta.38

  '@girs/gdk-4.0@4.0.0-4.0.0-beta.36':
    dependencies:
      '@girs/cairo-1.0': 1.0.0-4.0.0-beta.36
      '@girs/freetype2-2.0': 2.0.0-4.0.0-beta.36
      '@girs/gdkpixbuf-2.0': 2.0.0-4.0.0-beta.36
      '@girs/gio-2.0': 2.84.4-4.0.0-beta.36
      '@girs/gjs': 4.0.0-beta.36
      '@girs/glib-2.0': 2.84.4-4.0.0-beta.36
      '@girs/gmodule-2.0': 2.0.0-4.0.0-beta.36
      '@girs/gobject-2.0': 2.84.4-4.0.0-beta.36
      '@girs/harfbuzz-0.0': 10.4.0-4.0.0-beta.36
      '@girs/pango-1.0': 1.56.4-4.0.0-beta.36
      '@girs/pangocairo-1.0': 1.0.0-4.0.0-beta.36

  '@girs/gdk-4.0@4.0.0-4.0.0-beta.37':
    dependencies:
      '@girs/cairo-1.0': 1.0.0-4.0.0-beta.37
      '@girs/freetype2-2.0': 2.0.0-4.0.0-beta.37
      '@girs/gdkpixbuf-2.0': 2.0.0-4.0.0-beta.37
      '@girs/gio-2.0': 2.86.0-4.0.0-beta.37
      '@girs/gjs': 4.0.0-beta.37
      '@girs/glib-2.0': 2.86.0-4.0.0-beta.37
      '@girs/gmodule-2.0': 2.0.0-4.0.0-beta.37
      '@girs/gobject-2.0': 2.86.0-4.0.0-beta.37
      '@girs/harfbuzz-0.0': 11.5.0-4.0.0-beta.37
      '@girs/pango-1.0': 1.57.0-4.0.0-beta.37
      '@girs/pangocairo-1.0': 1.0.0-4.0.0-beta.37

  '@girs/gdk-4.0@4.0.0-4.0.0-beta.38':
    dependencies:
      '@girs/cairo-1.0': 1.0.0-4.0.0-beta.38
      '@girs/freetype2-2.0': 2.0.0-4.0.0-beta.38
      '@girs/gdkpixbuf-2.0': 2.0.0-4.0.0-beta.38
      '@girs/gio-2.0': 2.86.0-4.0.0-beta.38
      '@girs/gjs': 4.0.0-beta.38
      '@girs/glib-2.0': 2.86.0-4.0.0-beta.38
      '@girs/gmodule-2.0': 2.0.0-4.0.0-beta.38
      '@girs/gobject-2.0': 2.86.0-4.0.0-beta.38
      '@girs/harfbuzz-0.0': 11.5.0-4.0.0-beta.38
      '@girs/pango-1.0': 1.57.0-4.0.0-beta.38
      '@girs/pangocairo-1.0': 1.0.0-4.0.0-beta.38

  '@girs/gdkpixbuf-2.0@2.0.0-4.0.0-beta.36':
    dependencies:
      '@girs/gio-2.0': 2.84.4-4.0.0-beta.36
      '@girs/gjs': 4.0.0-beta.36
      '@girs/glib-2.0': 2.84.4-4.0.0-beta.36
      '@girs/gmodule-2.0': 2.0.0-4.0.0-beta.36
      '@girs/gobject-2.0': 2.84.4-4.0.0-beta.36

  '@girs/gdkpixbuf-2.0@2.0.0-4.0.0-beta.37':
    dependencies:
      '@girs/gio-2.0': 2.86.0-4.0.0-beta.37
      '@girs/gjs': 4.0.0-beta.37
      '@girs/glib-2.0': 2.86.0-4.0.0-beta.37
      '@girs/gmodule-2.0': 2.0.0-4.0.0-beta.37
      '@girs/gobject-2.0': 2.86.0-4.0.0-beta.37

  '@girs/gdkpixbuf-2.0@2.0.0-4.0.0-beta.38':
    dependencies:
      '@girs/gio-2.0': 2.86.0-4.0.0-beta.38
      '@girs/gjs': 4.0.0-beta.38
      '@girs/glib-2.0': 2.86.0-4.0.0-beta.38
      '@girs/gmodule-2.0': 2.0.0-4.0.0-beta.38
      '@girs/gobject-2.0': 2.86.0-4.0.0-beta.38

  '@girs/gdm-1.0@1.0.0-4.0.0-beta.38':
    dependencies:
      '@girs/gio-2.0': 2.86.0-4.0.0-beta.38
      '@girs/gjs': 4.0.0-beta.38
      '@girs/glib-2.0': 2.86.0-4.0.0-beta.38
      '@girs/gmodule-2.0': 2.0.0-4.0.0-beta.38
      '@girs/gobject-2.0': 2.86.0-4.0.0-beta.38

  '@girs/gio-2.0@2.84.4-4.0.0-beta.36':
    dependencies:
      '@girs/gjs': 4.0.0-beta.36
      '@girs/glib-2.0': 2.84.4-4.0.0-beta.36
      '@girs/gmodule-2.0': 2.0.0-4.0.0-beta.36
      '@girs/gobject-2.0': 2.84.4-4.0.0-beta.36

  '@girs/gio-2.0@2.86.0-4.0.0-beta.37':
    dependencies:
      '@girs/gjs': 4.0.0-beta.37
      '@girs/glib-2.0': 2.86.0-4.0.0-beta.37
      '@girs/gmodule-2.0': 2.0.0-4.0.0-beta.37
      '@girs/gobject-2.0': 2.86.0-4.0.0-beta.37

  '@girs/gio-2.0@2.86.0-4.0.0-beta.38':
    dependencies:
      '@girs/gjs': 4.0.0-beta.38
      '@girs/glib-2.0': 2.86.0-4.0.0-beta.38
      '@girs/gmodule-2.0': 2.0.0-4.0.0-beta.38
      '@girs/gobject-2.0': 2.86.0-4.0.0-beta.38

  '@girs/gjs@4.0.0-beta.36':
    dependencies:
      '@girs/cairo-1.0': 1.0.0-4.0.0-beta.36
      '@girs/gio-2.0': 2.84.4-4.0.0-beta.36
      '@girs/glib-2.0': 2.84.4-4.0.0-beta.36
      '@girs/gobject-2.0': 2.84.4-4.0.0-beta.36

  '@girs/gjs@4.0.0-beta.37':
    dependencies:
      '@girs/cairo-1.0': 1.0.0-4.0.0-beta.37
      '@girs/gio-2.0': 2.86.0-4.0.0-beta.37
      '@girs/glib-2.0': 2.86.0-4.0.0-beta.37
      '@girs/gobject-2.0': 2.86.0-4.0.0-beta.37

  '@girs/gjs@4.0.0-beta.38':
    dependencies:
      '@girs/cairo-1.0': 1.0.0-4.0.0-beta.38
      '@girs/gio-2.0': 2.86.0-4.0.0-beta.38
      '@girs/glib-2.0': 2.86.0-4.0.0-beta.38
      '@girs/gobject-2.0': 2.86.0-4.0.0-beta.38

  '@girs/gl-1.0@1.0.0-4.0.0-beta.38':
    dependencies:
      '@girs/gjs': 4.0.0-beta.38
      '@girs/gobject-2.0': 2.86.0-4.0.0-beta.38

  '@girs/glib-2.0@2.84.4-4.0.0-beta.36':
    dependencies:
      '@girs/gjs': 4.0.0-beta.36
      '@girs/gobject-2.0': 2.84.4-4.0.0-beta.36

  '@girs/glib-2.0@2.86.0-4.0.0-beta.37':
    dependencies:
      '@girs/gjs': 4.0.0-beta.37
      '@girs/gobject-2.0': 2.86.0-4.0.0-beta.37

  '@girs/glib-2.0@2.86.0-4.0.0-beta.38':
    dependencies:
      '@girs/gjs': 4.0.0-beta.38
      '@girs/gobject-2.0': 2.86.0-4.0.0-beta.38

  '@girs/gmodule-2.0@2.0.0-4.0.0-beta.36':
    dependencies:
      '@girs/gjs': 4.0.0-beta.36
      '@girs/glib-2.0': 2.84.4-4.0.0-beta.36
      '@girs/gobject-2.0': 2.84.4-4.0.0-beta.36

  '@girs/gmodule-2.0@2.0.0-4.0.0-beta.37':
    dependencies:
      '@girs/gjs': 4.0.0-beta.37
      '@girs/glib-2.0': 2.86.0-4.0.0-beta.37
      '@girs/gobject-2.0': 2.86.0-4.0.0-beta.37

  '@girs/gmodule-2.0@2.0.0-4.0.0-beta.38':
    dependencies:
      '@girs/gjs': 4.0.0-beta.38
      '@girs/glib-2.0': 2.86.0-4.0.0-beta.38
      '@girs/gobject-2.0': 2.86.0-4.0.0-beta.38

  '@girs/gnome-shell@48.0.4':
    dependencies:
      '@girs/accountsservice-1.0': 1.0.0-4.0.0-beta.34
      '@girs/adw-1': 1.8.0-4.0.0-beta.37
      '@girs/atk-1.0': 2.56.3-4.0.0-beta.36
      '@girs/clutter-16': 16.0.0-4.0.0-beta.38
      '@girs/cogl-2.0': 2.0.0-4.0.0-beta.38
      '@girs/gcr-4': 4.4.0-4.0.0-beta.38
      '@girs/gdm-1.0': 1.0.0-4.0.0-beta.38
      '@girs/gio-2.0': 2.84.4-4.0.0-beta.36
      '@girs/gjs': 4.0.0-beta.38
      '@girs/glib-2.0': 2.84.4-4.0.0-beta.36
      '@girs/gnomebg-4.0': 4.0.0-4.0.0-beta.38
      '@girs/gnomebluetooth-3.0': 3.0.0-4.0.0-beta.38
      '@girs/gnomedesktop-4.0': 4.0.0-4.0.0-beta.38
      '@girs/gobject-2.0': 2.84.4-4.0.0-beta.36
      '@girs/gtk-4.0': 4.19.1-4.0.0-beta.36
      '@girs/gvc-1.0': 1.0.0-4.0.0-beta.38
      '@girs/meta-16': 16.0.0-4.0.0-beta.38
      '@girs/mtk-16': 16.0.0-4.0.0-beta.38
      '@girs/polkit-1.0': 1.0.0-4.0.0-beta.38
      '@girs/shell-16': 16.0.0-4.0.0-beta.38
      '@girs/shew-0': 0.0.0-4.0.0-beta.38
      '@girs/st-16': 16.0.0-4.0.0-beta.38
      '@girs/upowerglib-1.0': 0.99.1-4.0.0-beta.38

  '@girs/gnomebg-4.0@4.0.0-4.0.0-beta.38':
    dependencies:
      '@girs/cairo-1.0': 1.0.0-4.0.0-beta.38
      '@girs/freetype2-2.0': 2.0.0-4.0.0-beta.38
      '@girs/gdesktopenums-3.0': 3.0.0-4.0.0-beta.38
      '@girs/gdk-4.0': 4.0.0-4.0.0-beta.38
      '@girs/gdkpixbuf-2.0': 2.0.0-4.0.0-beta.38
      '@girs/gio-2.0': 2.86.0-4.0.0-beta.38
      '@girs/gjs': 4.0.0-beta.38
      '@girs/glib-2.0': 2.86.0-4.0.0-beta.38
      '@girs/gmodule-2.0': 2.0.0-4.0.0-beta.38
      '@girs/gnomedesktop-4.0': 4.0.0-4.0.0-beta.38
      '@girs/gobject-2.0': 2.86.0-4.0.0-beta.38
      '@girs/harfbuzz-0.0': 11.5.0-4.0.0-beta.38
      '@girs/pango-1.0': 1.57.0-4.0.0-beta.38
      '@girs/pangocairo-1.0': 1.0.0-4.0.0-beta.38

  '@girs/gnomebluetooth-3.0@3.0.0-4.0.0-beta.38':
    dependencies:
      '@girs/gio-2.0': 2.86.0-4.0.0-beta.38
      '@girs/gjs': 4.0.0-beta.38
      '@girs/glib-2.0': 2.86.0-4.0.0-beta.38
      '@girs/gmodule-2.0': 2.0.0-4.0.0-beta.38
      '@girs/gobject-2.0': 2.86.0-4.0.0-beta.38

  '@girs/gnomedesktop-4.0@4.0.0-4.0.0-beta.38':
    dependencies:
      '@girs/gdesktopenums-3.0': 3.0.0-4.0.0-beta.38
      '@girs/gdkpixbuf-2.0': 2.0.0-4.0.0-beta.38
      '@girs/gio-2.0': 2.86.0-4.0.0-beta.38
      '@girs/gjs': 4.0.0-beta.38
      '@girs/glib-2.0': 2.86.0-4.0.0-beta.38
      '@girs/gmodule-2.0': 2.0.0-4.0.0-beta.38
      '@girs/gobject-2.0': 2.86.0-4.0.0-beta.38

  '@girs/gobject-2.0@2.84.4-4.0.0-beta.36':
    dependencies:
      '@girs/gjs': 4.0.0-beta.36
      '@girs/glib-2.0': 2.84.4-4.0.0-beta.36

  '@girs/gobject-2.0@2.86.0-4.0.0-beta.37':
    dependencies:
      '@girs/gjs': 4.0.0-beta.37
      '@girs/glib-2.0': 2.86.0-4.0.0-beta.37

  '@girs/gobject-2.0@2.86.0-4.0.0-beta.38':
    dependencies:
      '@girs/gjs': 4.0.0-beta.38
      '@girs/glib-2.0': 2.86.0-4.0.0-beta.38

  '@girs/graphene-1.0@1.0.0-4.0.0-beta.36':
    dependencies:
      '@girs/gjs': 4.0.0-beta.36
      '@girs/glib-2.0': 2.84.4-4.0.0-beta.36
      '@girs/gobject-2.0': 2.84.4-4.0.0-beta.36

  '@girs/graphene-1.0@1.0.0-4.0.0-beta.37':
    dependencies:
      '@girs/gjs': 4.0.0-beta.37
      '@girs/glib-2.0': 2.86.0-4.0.0-beta.37
      '@girs/gobject-2.0': 2.86.0-4.0.0-beta.37

  '@girs/graphene-1.0@1.0.0-4.0.0-beta.38':
    dependencies:
      '@girs/gjs': 4.0.0-beta.38
      '@girs/glib-2.0': 2.86.0-4.0.0-beta.38
      '@girs/gobject-2.0': 2.86.0-4.0.0-beta.38

  '@girs/gsk-4.0@4.0.0-4.0.0-beta.36':
    dependencies:
      '@girs/cairo-1.0': 1.0.0-4.0.0-beta.36
      '@girs/freetype2-2.0': 2.0.0-4.0.0-beta.36
      '@girs/gdk-4.0': 4.0.0-4.0.0-beta.36
      '@girs/gdkpixbuf-2.0': 2.0.0-4.0.0-beta.36
      '@girs/gio-2.0': 2.84.4-4.0.0-beta.36
      '@girs/gjs': 4.0.0-beta.36
      '@girs/glib-2.0': 2.84.4-4.0.0-beta.36
      '@girs/gmodule-2.0': 2.0.0-4.0.0-beta.36
      '@girs/gobject-2.0': 2.84.4-4.0.0-beta.36
      '@girs/graphene-1.0': 1.0.0-4.0.0-beta.36
      '@girs/harfbuzz-0.0': 10.4.0-4.0.0-beta.36
      '@girs/pango-1.0': 1.56.4-4.0.0-beta.36
      '@girs/pangocairo-1.0': 1.0.0-4.0.0-beta.36

  '@girs/gsk-4.0@4.0.0-4.0.0-beta.37':
    dependencies:
      '@girs/cairo-1.0': 1.0.0-4.0.0-beta.37
      '@girs/freetype2-2.0': 2.0.0-4.0.0-beta.37
      '@girs/gdk-4.0': 4.0.0-4.0.0-beta.37
      '@girs/gdkpixbuf-2.0': 2.0.0-4.0.0-beta.37
      '@girs/gio-2.0': 2.86.0-4.0.0-beta.37
      '@girs/gjs': 4.0.0-beta.37
      '@girs/glib-2.0': 2.86.0-4.0.0-beta.37
      '@girs/gmodule-2.0': 2.0.0-4.0.0-beta.37
      '@girs/gobject-2.0': 2.86.0-4.0.0-beta.37
      '@girs/graphene-1.0': 1.0.0-4.0.0-beta.37
      '@girs/harfbuzz-0.0': 11.5.0-4.0.0-beta.37
      '@girs/pango-1.0': 1.57.0-4.0.0-beta.37
      '@girs/pangocairo-1.0': 1.0.0-4.0.0-beta.37

  '@girs/gsk-4.0@4.0.0-4.0.0-beta.38':
    dependencies:
      '@girs/cairo-1.0': 1.0.0-4.0.0-beta.38
      '@girs/freetype2-2.0': 2.0.0-4.0.0-beta.38
      '@girs/gdk-4.0': 4.0.0-4.0.0-beta.38
      '@girs/gdkpixbuf-2.0': 2.0.0-4.0.0-beta.38
      '@girs/gio-2.0': 2.86.0-4.0.0-beta.38
      '@girs/gjs': 4.0.0-beta.38
      '@girs/glib-2.0': 2.86.0-4.0.0-beta.38
      '@girs/gmodule-2.0': 2.0.0-4.0.0-beta.38
      '@girs/gobject-2.0': 2.86.0-4.0.0-beta.38
      '@girs/graphene-1.0': 1.0.0-4.0.0-beta.38
      '@girs/harfbuzz-0.0': 11.5.0-4.0.0-beta.38
      '@girs/pango-1.0': 1.57.0-4.0.0-beta.38
      '@girs/pangocairo-1.0': 1.0.0-4.0.0-beta.38

  '@girs/gtk-4.0@4.19.1-4.0.0-beta.36':
    dependencies:
      '@girs/cairo-1.0': 1.0.0-4.0.0-beta.36
      '@girs/freetype2-2.0': 2.0.0-4.0.0-beta.36
      '@girs/gdk-4.0': 4.0.0-4.0.0-beta.36
      '@girs/gdkpixbuf-2.0': 2.0.0-4.0.0-beta.36
      '@girs/gio-2.0': 2.84.4-4.0.0-beta.36
      '@girs/gjs': 4.0.0-beta.36
      '@girs/glib-2.0': 2.84.4-4.0.0-beta.36
      '@girs/gmodule-2.0': 2.0.0-4.0.0-beta.36
      '@girs/gobject-2.0': 2.84.4-4.0.0-beta.36
      '@girs/graphene-1.0': 1.0.0-4.0.0-beta.36
      '@girs/gsk-4.0': 4.0.0-4.0.0-beta.36
      '@girs/harfbuzz-0.0': 10.4.0-4.0.0-beta.36
      '@girs/pango-1.0': 1.56.4-4.0.0-beta.36
      '@girs/pangocairo-1.0': 1.0.0-4.0.0-beta.36

  '@girs/gtk-4.0@4.20.1-4.0.0-beta.37':
    dependencies:
      '@girs/cairo-1.0': 1.0.0-4.0.0-beta.37
      '@girs/freetype2-2.0': 2.0.0-4.0.0-beta.37
      '@girs/gdk-4.0': 4.0.0-4.0.0-beta.37
      '@girs/gdkpixbuf-2.0': 2.0.0-4.0.0-beta.37
      '@girs/gio-2.0': 2.86.0-4.0.0-beta.37
      '@girs/gjs': 4.0.0-beta.37
      '@girs/glib-2.0': 2.86.0-4.0.0-beta.37
      '@girs/gmodule-2.0': 2.0.0-4.0.0-beta.37
      '@girs/gobject-2.0': 2.86.0-4.0.0-beta.37
      '@girs/graphene-1.0': 1.0.0-4.0.0-beta.37
      '@girs/gsk-4.0': 4.0.0-4.0.0-beta.37
      '@girs/harfbuzz-0.0': 11.5.0-4.0.0-beta.37
      '@girs/pango-1.0': 1.57.0-4.0.0-beta.37
      '@girs/pangocairo-1.0': 1.0.0-4.0.0-beta.37

  '@girs/gtk-4.0@4.20.1-4.0.0-beta.38':
    dependencies:
      '@girs/cairo-1.0': 1.0.0-4.0.0-beta.38
      '@girs/freetype2-2.0': 2.0.0-4.0.0-beta.38
      '@girs/gdk-4.0': 4.0.0-4.0.0-beta.38
      '@girs/gdkpixbuf-2.0': 2.0.0-4.0.0-beta.38
      '@girs/gio-2.0': 2.86.0-4.0.0-beta.38
      '@girs/gjs': 4.0.0-beta.38
      '@girs/glib-2.0': 2.86.0-4.0.0-beta.38
      '@girs/gmodule-2.0': 2.0.0-4.0.0-beta.38
      '@girs/gobject-2.0': 2.86.0-4.0.0-beta.38
      '@girs/graphene-1.0': 1.0.0-4.0.0-beta.38
      '@girs/gsk-4.0': 4.0.0-4.0.0-beta.38
      '@girs/harfbuzz-0.0': 11.5.0-4.0.0-beta.38
      '@girs/pango-1.0': 1.57.0-4.0.0-beta.38
      '@girs/pangocairo-1.0': 1.0.0-4.0.0-beta.38

  '@girs/gvc-1.0@1.0.0-4.0.0-beta.38':
    dependencies:
      '@girs/gio-2.0': 2.86.0-4.0.0-beta.38
      '@girs/gjs': 4.0.0-beta.38
      '@girs/glib-2.0': 2.86.0-4.0.0-beta.38
      '@girs/gmodule-2.0': 2.0.0-4.0.0-beta.38
      '@girs/gobject-2.0': 2.86.0-4.0.0-beta.38

  '@girs/harfbuzz-0.0@10.4.0-4.0.0-beta.36':
    dependencies:
      '@girs/freetype2-2.0': 2.0.0-4.0.0-beta.36
      '@girs/gjs': 4.0.0-beta.36
      '@girs/glib-2.0': 2.84.4-4.0.0-beta.36
      '@girs/gobject-2.0': 2.84.4-4.0.0-beta.36

  '@girs/harfbuzz-0.0@11.5.0-4.0.0-beta.37':
    dependencies:
      '@girs/freetype2-2.0': 2.0.0-4.0.0-beta.37
      '@girs/gjs': 4.0.0-beta.37
      '@girs/glib-2.0': 2.86.0-4.0.0-beta.37
      '@girs/gobject-2.0': 2.86.0-4.0.0-beta.37

  '@girs/harfbuzz-0.0@11.5.0-4.0.0-beta.38':
    dependencies:
      '@girs/freetype2-2.0': 2.0.0-4.0.0-beta.38
      '@girs/gjs': 4.0.0-beta.38
      '@girs/glib-2.0': 2.86.0-4.0.0-beta.38
      '@girs/gobject-2.0': 2.86.0-4.0.0-beta.38

  '@girs/meta-16@16.0.0-4.0.0-beta.38':
    dependencies:
      '@girs/atk-1.0': 2.58.0-4.0.0-beta.38
      '@girs/cairo-1.0': 1.0.0-4.0.0-beta.38
      '@girs/clutter-16': 16.0.0-4.0.0-beta.38
      '@girs/cogl-16': 16.0.0-4.0.0-beta.38
      '@girs/freetype2-2.0': 2.0.0-4.0.0-beta.38
      '@girs/gdesktopenums-3.0': 3.0.0-4.0.0-beta.38
      '@girs/gio-2.0': 2.86.0-4.0.0-beta.38
      '@girs/gjs': 4.0.0-beta.38
      '@girs/gl-1.0': 1.0.0-4.0.0-beta.38
      '@girs/glib-2.0': 2.86.0-4.0.0-beta.38
      '@girs/gmodule-2.0': 2.0.0-4.0.0-beta.38
      '@girs/gobject-2.0': 2.86.0-4.0.0-beta.38
      '@girs/graphene-1.0': 1.0.0-4.0.0-beta.38
      '@girs/harfbuzz-0.0': 11.5.0-4.0.0-beta.38
      '@girs/mtk-16': 16.0.0-4.0.0-beta.38
      '@girs/pango-1.0': 1.57.0-4.0.0-beta.38
      '@girs/xfixes-4.0': 4.0.0-4.0.0-beta.38
      '@girs/xlib-2.0': 2.0.0-4.0.0-beta.38

  '@girs/mtk-16@16.0.0-4.0.0-beta.38':
    dependencies:
      '@girs/gjs': 4.0.0-beta.38
      '@girs/glib-2.0': 2.86.0-4.0.0-beta.38
      '@girs/gobject-2.0': 2.86.0-4.0.0-beta.38
      '@girs/graphene-1.0': 1.0.0-4.0.0-beta.38

  '@girs/nm-1.0@1.49.4-4.0.0-beta.38':
    dependencies:
      '@girs/gio-2.0': 2.86.0-4.0.0-beta.38
      '@girs/gjs': 4.0.0-beta.38
      '@girs/glib-2.0': 2.86.0-4.0.0-beta.38
      '@girs/gmodule-2.0': 2.0.0-4.0.0-beta.38
      '@girs/gobject-2.0': 2.86.0-4.0.0-beta.38

  '@girs/pango-1.0@1.56.4-4.0.0-beta.36':
    dependencies:
      '@girs/cairo-1.0': 1.0.0-4.0.0-beta.36
      '@girs/freetype2-2.0': 2.0.0-4.0.0-beta.36
      '@girs/gio-2.0': 2.84.4-4.0.0-beta.36
      '@girs/gjs': 4.0.0-beta.36
      '@girs/glib-2.0': 2.84.4-4.0.0-beta.36
      '@girs/gmodule-2.0': 2.0.0-4.0.0-beta.36
      '@girs/gobject-2.0': 2.84.4-4.0.0-beta.36
      '@girs/harfbuzz-0.0': 10.4.0-4.0.0-beta.36

  '@girs/pango-1.0@1.57.0-4.0.0-beta.37':
    dependencies:
      '@girs/cairo-1.0': 1.0.0-4.0.0-beta.37
      '@girs/freetype2-2.0': 2.0.0-4.0.0-beta.37
      '@girs/gio-2.0': 2.86.0-4.0.0-beta.37
      '@girs/gjs': 4.0.0-beta.37
      '@girs/glib-2.0': 2.86.0-4.0.0-beta.37
      '@girs/gmodule-2.0': 2.0.0-4.0.0-beta.37
      '@girs/gobject-2.0': 2.86.0-4.0.0-beta.37
      '@girs/harfbuzz-0.0': 11.5.0-4.0.0-beta.37

  '@girs/pango-1.0@1.57.0-4.0.0-beta.38':
    dependencies:
      '@girs/cairo-1.0': 1.0.0-4.0.0-beta.38
      '@girs/freetype2-2.0': 2.0.0-4.0.0-beta.38
      '@girs/gio-2.0': 2.86.0-4.0.0-beta.38
      '@girs/gjs': 4.0.0-beta.38
      '@girs/glib-2.0': 2.86.0-4.0.0-beta.38
      '@girs/gmodule-2.0': 2.0.0-4.0.0-beta.38
      '@girs/gobject-2.0': 2.86.0-4.0.0-beta.38
      '@girs/harfbuzz-0.0': 11.5.0-4.0.0-beta.38

  '@girs/pangocairo-1.0@1.0.0-4.0.0-beta.36':
    dependencies:
      '@girs/cairo-1.0': 1.0.0-4.0.0-beta.36
      '@girs/freetype2-2.0': 2.0.0-4.0.0-beta.36
      '@girs/gio-2.0': 2.84.4-4.0.0-beta.36
      '@girs/gjs': 4.0.0-beta.36
      '@girs/glib-2.0': 2.84.4-4.0.0-beta.36
      '@girs/gmodule-2.0': 2.0.0-4.0.0-beta.36
      '@girs/gobject-2.0': 2.84.4-4.0.0-beta.36
      '@girs/harfbuzz-0.0': 10.4.0-4.0.0-beta.36
      '@girs/pango-1.0': 1.56.4-4.0.0-beta.36

  '@girs/pangocairo-1.0@1.0.0-4.0.0-beta.37':
    dependencies:
      '@girs/cairo-1.0': 1.0.0-4.0.0-beta.37
      '@girs/freetype2-2.0': 2.0.0-4.0.0-beta.37
      '@girs/gio-2.0': 2.86.0-4.0.0-beta.37
      '@girs/gjs': 4.0.0-beta.37
      '@girs/glib-2.0': 2.86.0-4.0.0-beta.37
      '@girs/gmodule-2.0': 2.0.0-4.0.0-beta.37
      '@girs/gobject-2.0': 2.86.0-4.0.0-beta.37
      '@girs/harfbuzz-0.0': 11.5.0-4.0.0-beta.37
      '@girs/pango-1.0': 1.57.0-4.0.0-beta.37

  '@girs/pangocairo-1.0@1.0.0-4.0.0-beta.38':
    dependencies:
      '@girs/cairo-1.0': 1.0.0-4.0.0-beta.38
      '@girs/freetype2-2.0': 2.0.0-4.0.0-beta.38
      '@girs/gio-2.0': 2.86.0-4.0.0-beta.38
      '@girs/gjs': 4.0.0-beta.38
      '@girs/glib-2.0': 2.86.0-4.0.0-beta.38
      '@girs/gmodule-2.0': 2.0.0-4.0.0-beta.38
      '@girs/gobject-2.0': 2.86.0-4.0.0-beta.38
      '@girs/harfbuzz-0.0': 11.5.0-4.0.0-beta.38
      '@girs/pango-1.0': 1.57.0-4.0.0-beta.38

  '@girs/polkit-1.0@1.0.0-4.0.0-beta.38':
    dependencies:
      '@girs/gio-2.0': 2.86.0-4.0.0-beta.38
      '@girs/gjs': 4.0.0-beta.38
      '@girs/glib-2.0': 2.86.0-4.0.0-beta.38
      '@girs/gmodule-2.0': 2.0.0-4.0.0-beta.38
      '@girs/gobject-2.0': 2.86.0-4.0.0-beta.38

  '@girs/polkitagent-1.0@1.0.0-4.0.0-beta.38':
    dependencies:
      '@girs/gio-2.0': 2.86.0-4.0.0-beta.38
      '@girs/gjs': 4.0.0-beta.38
      '@girs/glib-2.0': 2.86.0-4.0.0-beta.38
      '@girs/gmodule-2.0': 2.0.0-4.0.0-beta.38
      '@girs/gobject-2.0': 2.86.0-4.0.0-beta.38
      '@girs/polkit-1.0': 1.0.0-4.0.0-beta.38

  '@girs/shell-16@16.0.0-4.0.0-beta.38':
    dependencies:
      '@girs/atk-1.0': 2.58.0-4.0.0-beta.38
      '@girs/cairo-1.0': 1.0.0-4.0.0-beta.38
      '@girs/clutter-16': 16.0.0-4.0.0-beta.38
      '@girs/cogl-16': 16.0.0-4.0.0-beta.38
      '@girs/freetype2-2.0': 2.0.0-4.0.0-beta.38
      '@girs/gck-2': 4.4.0-4.0.0-beta.38
      '@girs/gcr-4': 4.4.0-4.0.0-beta.38
      '@girs/gdesktopenums-3.0': 3.0.0-4.0.0-beta.38
      '@girs/gdkpixbuf-2.0': 2.0.0-4.0.0-beta.38
      '@girs/gio-2.0': 2.86.0-4.0.0-beta.38
      '@girs/gjs': 4.0.0-beta.38
      '@girs/gl-1.0': 1.0.0-4.0.0-beta.38
      '@girs/glib-2.0': 2.86.0-4.0.0-beta.38
      '@girs/gmodule-2.0': 2.0.0-4.0.0-beta.38
      '@girs/gobject-2.0': 2.86.0-4.0.0-beta.38
      '@girs/graphene-1.0': 1.0.0-4.0.0-beta.38
      '@girs/gvc-1.0': 1.0.0-4.0.0-beta.38
      '@girs/harfbuzz-0.0': 11.5.0-4.0.0-beta.38
      '@girs/meta-16': 16.0.0-4.0.0-beta.38
      '@girs/mtk-16': 16.0.0-4.0.0-beta.38
      '@girs/nm-1.0': 1.49.4-4.0.0-beta.38
      '@girs/pango-1.0': 1.57.0-4.0.0-beta.38
      '@girs/polkit-1.0': 1.0.0-4.0.0-beta.38
      '@girs/polkitagent-1.0': 1.0.0-4.0.0-beta.38
      '@girs/st-16': 16.0.0-4.0.0-beta.38
      '@girs/xfixes-4.0': 4.0.0-4.0.0-beta.38
      '@girs/xlib-2.0': 2.0.0-4.0.0-beta.38

  '@girs/shew-0@0.0.0-4.0.0-beta.38':
    dependencies:
      '@girs/cairo-1.0': 1.0.0-4.0.0-beta.38
      '@girs/freetype2-2.0': 2.0.0-4.0.0-beta.38
      '@girs/gdk-4.0': 4.0.0-4.0.0-beta.38
      '@girs/gdkpixbuf-2.0': 2.0.0-4.0.0-beta.38
      '@girs/gio-2.0': 2.86.0-4.0.0-beta.38
      '@girs/gjs': 4.0.0-beta.38
      '@girs/glib-2.0': 2.86.0-4.0.0-beta.38
      '@girs/gmodule-2.0': 2.0.0-4.0.0-beta.38
      '@girs/gobject-2.0': 2.86.0-4.0.0-beta.38
      '@girs/graphene-1.0': 1.0.0-4.0.0-beta.38
      '@girs/gsk-4.0': 4.0.0-4.0.0-beta.38
      '@girs/gtk-4.0': 4.20.1-4.0.0-beta.38
      '@girs/harfbuzz-0.0': 11.5.0-4.0.0-beta.38
      '@girs/pango-1.0': 1.57.0-4.0.0-beta.38
      '@girs/pangocairo-1.0': 1.0.0-4.0.0-beta.38

  '@girs/st-16@16.0.0-4.0.0-beta.38':
    dependencies:
      '@girs/atk-1.0': 2.58.0-4.0.0-beta.38
      '@girs/cairo-1.0': 1.0.0-4.0.0-beta.38
      '@girs/clutter-16': 16.0.0-4.0.0-beta.38
      '@girs/cogl-16': 16.0.0-4.0.0-beta.38
      '@girs/freetype2-2.0': 2.0.0-4.0.0-beta.38
      '@girs/gdesktopenums-3.0': 3.0.0-4.0.0-beta.38
      '@girs/gdkpixbuf-2.0': 2.0.0-4.0.0-beta.38
      '@girs/gio-2.0': 2.86.0-4.0.0-beta.38
      '@girs/gjs': 4.0.0-beta.38
      '@girs/gl-1.0': 1.0.0-4.0.0-beta.38
      '@girs/glib-2.0': 2.86.0-4.0.0-beta.38
      '@girs/gmodule-2.0': 2.0.0-4.0.0-beta.38
      '@girs/gobject-2.0': 2.86.0-4.0.0-beta.38
      '@girs/graphene-1.0': 1.0.0-4.0.0-beta.38
      '@girs/harfbuzz-0.0': 11.5.0-4.0.0-beta.38
      '@girs/meta-16': 16.0.0-4.0.0-beta.38
      '@girs/mtk-16': 16.0.0-4.0.0-beta.38
      '@girs/pango-1.0': 1.57.0-4.0.0-beta.38
      '@girs/xfixes-4.0': 4.0.0-4.0.0-beta.38
      '@girs/xlib-2.0': 2.0.0-4.0.0-beta.38

  '@girs/upowerglib-1.0@0.99.1-4.0.0-beta.38':
    dependencies:
      '@girs/gio-2.0': 2.86.0-4.0.0-beta.38
      '@girs/gjs': 4.0.0-beta.38
      '@girs/glib-2.0': 2.86.0-4.0.0-beta.38
      '@girs/gmodule-2.0': 2.0.0-4.0.0-beta.38
      '@girs/gobject-2.0': 2.86.0-4.0.0-beta.38

  '@girs/xfixes-4.0@4.0.0-4.0.0-beta.38':
    dependencies:
      '@girs/gjs': 4.0.0-beta.38
      '@girs/gobject-2.0': 2.86.0-4.0.0-beta.38

  '@girs/xlib-2.0@2.0.0-4.0.0-beta.38':
    dependencies:
      '@girs/gjs': 4.0.0-beta.38
      '@girs/gobject-2.0': 2.86.0-4.0.0-beta.38

  '@parcel/watcher-android-arm64@2.5.1':
    optional: true

  '@parcel/watcher-darwin-arm64@2.5.1':
    optional: true

  '@parcel/watcher-darwin-x64@2.5.1':
    optional: true

  '@parcel/watcher-freebsd-x64@2.5.1':
    optional: true

  '@parcel/watcher-linux-arm-glibc@2.5.1':
    optional: true

  '@parcel/watcher-linux-arm-musl@2.5.1':
    optional: true

  '@parcel/watcher-linux-arm64-glibc@2.5.1':
    optional: true

  '@parcel/watcher-linux-arm64-musl@2.5.1':
    optional: true

  '@parcel/watcher-linux-x64-glibc@2.5.1':
    optional: true

  '@parcel/watcher-linux-x64-musl@2.5.1':
    optional: true

  '@parcel/watcher-win32-arm64@2.5.1':
    optional: true

  '@parcel/watcher-win32-ia32@2.5.1':
    optional: true

  '@parcel/watcher-win32-x64@2.5.1':
    optional: true

  '@parcel/watcher@2.5.1':
    dependencies:
      detect-libc: 1.0.3
      is-glob: 4.0.3
      micromatch: 4.0.8
      node-addon-api: 7.1.1
    optionalDependencies:
      '@parcel/watcher-android-arm64': 2.5.1
      '@parcel/watcher-darwin-arm64': 2.5.1
      '@parcel/watcher-darwin-x64': 2.5.1
      '@parcel/watcher-freebsd-x64': 2.5.1
      '@parcel/watcher-linux-arm-glibc': 2.5.1
      '@parcel/watcher-linux-arm-musl': 2.5.1
      '@parcel/watcher-linux-arm64-glibc': 2.5.1
      '@parcel/watcher-linux-arm64-musl': 2.5.1
      '@parcel/watcher-linux-x64-glibc': 2.5.1
      '@parcel/watcher-linux-x64-musl': 2.5.1
      '@parcel/watcher-win32-arm64': 2.5.1
      '@parcel/watcher-win32-ia32': 2.5.1
      '@parcel/watcher-win32-x64': 2.5.1
    optional: true

  braces@3.0.3:
    dependencies:
      fill-range: 7.1.1
    optional: true

  chokidar@4.0.3:
    dependencies:
      readdirp: 4.1.2

  detect-libc@1.0.3:
    optional: true

  fill-range@7.1.1:
    dependencies:
      to-regex-range: 5.0.1
    optional: true

  immutable@5.1.4: {}

  is-extglob@2.1.1:
    optional: true

  is-glob@4.0.3:
    dependencies:
      is-extglob: 2.1.1
    optional: true

  is-number@7.0.0:
    optional: true

  micromatch@4.0.8:
    dependencies:
      braces: 3.0.3
      picomatch: 2.3.1
    optional: true

  node-addon-api@7.1.1:
    optional: true

  picomatch@2.3.1:
    optional: true

  readdirp@4.1.2: {}

  sass@1.93.3:
    dependencies:
      chokidar: 4.0.3
      immutable: 5.1.4
      source-map-js: 1.2.1
    optionalDependencies:
      '@parcel/watcher': 2.5.1

  source-map-js@1.2.1: {}

  to-regex-range@5.0.1:
    dependencies:
      is-number: 7.0.0
    optional: true

  typescript@5.9.3: {}
